// !$*UTF8*$!
{
	archiveVersion = 1;
	classes = {
	};
	objectVersion = 77;
	objects = {

/* Begin PBXBuildFile section */
		EF982BCB2CEB93CD005CCF5A /* Storyboard.storyboard in Resources */ = {isa = PBXBuildFile; fileRef = EF982BCA2CEB93CD005CCF5A /* Storyboard.storyboard */; };
/* End PBXBuildFile section */

/* Begin PBXContainerItemProxy section */
		EF982BA92CEB9211005CCF5A /* PBXContainerItemProxy */ = {
			isa = PBXContainerItemProxy;
			containerPortal = EF982B902CEB920F005CCF5A /* Project object */;
			proxyType = 1;
			remoteGlobalIDString = EF982B972CEB920F005CCF5A;
			remoteInfo = "Apple Sound Sampler";
		};
		EF982BB32CEB9211005CCF5A /* PBXContainerItemProxy */ = {
			isa = PBXContainerItemProxy;
			containerPortal = EF982B902CEB920F005CCF5A /* Project object */;
			proxyType = 1;
			remoteGlobalIDString = EF982B972CEB920F005CCF5A;
			remoteInfo = "Apple Sound Sampler";
		};
/* End PBXContainerItemProxy section */

/* Begin PBXFileReference section */
		EF982B982CEB920F005CCF5A /* Apple Sound Sampler.app */ = {isa = PBXFileReference; explicitFileType = wrapper.application; includeInIndex = 0; path = "Apple Sound Sampler.app"; sourceTree = BUILT_PRODUCTS_DIR; };
		EF982BA82CEB9211005CCF5A /* Apple Sound SamplerTests.xctest */ = {isa = PBXFileReference; explicitFileType = wrapper.cfbundle; includeInIndex = 0; path = "Apple Sound SamplerTests.xctest"; sourceTree = BUILT_PRODUCTS_DIR; };
		EF982BB22CEB9211005CCF5A /* Apple Sound SamplerUITests.xctest */ = {isa = PBXFileReference; explicitFileType = wrapper.cfbundle; includeInIndex = 0; path = "Apple Sound SamplerUITests.xctest"; sourceTree = BUILT_PRODUCTS_DIR; };
		EF982BCA2CEB93CD005CCF5A /* Storyboard.storyboard */ = {isa = PBXFileReference; lastKnownFileType = file.storyboard; path = Storyboard.storyboard; sourceTree = "<group>"; };
/* End PBXFileReference section */

/* Begin PBXFileSystemSynchronizedRootGroup section */
		EF982B9A2CEB920F005CCF5A /* Apple Sound Sampler */ = {
			isa = PBXFileSystemSynchronizedRootGroup;
			path = "Apple Sound Sampler";
			sourceTree = "<group>";
		};
		EF982BAB2CEB9211005CCF5A /* Apple Sound SamplerTests */ = {
			isa = PBXFileSystemSynchronizedRootGroup;
			path = "Apple Sound SamplerTests";
			sourceTree = "<group>";
		};
		EF982BB52CEB9211005CCF5A /* Apple Sound SamplerUITests */ = {
			isa = PBXFileSystemSynchronizedRootGroup;
			path = "Apple Sound SamplerUITests";
			sourceTree = "<group>";
		};
/* End PBXFileSystemSynchronizedRootGroup section */

/* Begin PBXFrameworksBuildPhase section */
		EF982B952CEB920F005CCF5A /* Frameworks */ = {
			isa = PBXFrameworksBuildPhase;
			buildActionMask = 2147483647;
			files = (
			);
			runOnlyForDeploymentPostprocessing = 0;
		};
		EF982BA52CEB9211005CCF5A /* Frameworks */ = {
			isa = PBXFrameworksBuildPhase;
			buildActionMask = 2147483647;
			files = (
			);
			runOnlyForDeploymentPostprocessing = 0;
		};
		EF982BAF2CEB9211005CCF5A /* Frameworks */ = {
			isa = PBXFrameworksBuildPhase;
			buildActionMask = 2147483647;
			files = (
			);
			runOnlyForDeploymentPostprocessing = 0;
		};
/* End PBXFrameworksBuildPhase section */

/* Begin PBXGroup section */
		EF982B8F2CEB920F005CCF5A = {
			isa = PBXGroup;
			children = (
				EF982BCA2CEB93CD005CCF5A /* Storyboard.storyboard */,
				EF982B9A2CEB920F005CCF5A /* Apple Sound Sampler */,
				EF982BAB2CEB9211005CCF5A /* Apple Sound SamplerTests */,
				EF982BB52CEB9211005CCF5A /* Apple Sound SamplerUITests */,
				EF982B992CEB920F005CCF5A /* Products */,
			);
			sourceTree = "<group>";
		};
		EF982B992CEB920F005CCF5A /* Products */ = {
			isa = PBXGroup;
			children = (
				EF982B982CEB920F005CCF5A /* Apple Sound Sampler.app */,
				EF982BA82CEB9211005CCF5A /* Apple Sound SamplerTests.xctest */,
				EF982BB22CEB9211005CCF5A /* Apple Sound SamplerUITests.xctest */,
			);
			name = Products;
			sourceTree = "<group>";
		};
/* End PBXGroup section */

/* Begin PBXNativeTarget section */
		EF982B972CEB920F005CCF5A /* Apple Sound Sampler */ = {
			isa = PBXNativeTarget;
			buildConfigurationList = EF982BBC2CEB9211005CCF5A /* Build configuration list for PBXNativeTarget "Apple Sound Sampler" */;
			buildPhases = (
				EF982B942CEB920F005CCF5A /* Sources */,
				EF982B952CEB920F005CCF5A /* Frameworks */,
				EF982B962CEB920F005CCF5A /* Resources */,
			);
			buildRules = (
			);
			dependencies = (
			);
			fileSystemSynchronizedGroups = (
				EF982B9A2CEB920F005CCF5A /* Apple Sound Sampler */,
			);
			name = "Apple Sound Sampler";
			packageProductDependencies = (
			);
			productName = "Apple Sound Sampler";
			productReference = EF982B982CEB920F005CCF5A /* Apple Sound Sampler.app */;
			productType = "com.apple.product-type.application";
		};
		EF982BA72CEB9211005CCF5A /* Apple Sound SamplerTests */ = {
			isa = PBXNativeTarget;
			buildConfigurationList = EF982BBF2CEB9211005CCF5A /* Build configuration list for PBXNativeTarget "Apple Sound SamplerTests" */;
			buildPhases = (
				EF982BA42CEB9211005CCF5A /* Sources */,
				EF982BA52CEB9211005CCF5A /* Frameworks */,
				EF982BA62CEB9211005CCF5A /* Resources */,
			);
			buildRules = (
			);
			dependencies = (
				EF982BAA2CEB9211005CCF5A /* PBXTargetDependency */,
			);
			fileSystemSynchronizedGroups = (
				EF982BAB2CEB9211005CCF5A /* Apple Sound SamplerTests */,
			);
			name = "Apple Sound SamplerTests";
			packageProductDependencies = (
			);
			productName = "Apple Sound SamplerTests";
			productReference = EF982BA82CEB9211005CCF5A /* Apple Sound SamplerTests.xctest */;
			productType = "com.apple.product-type.bundle.unit-test";
		};
		EF982BB12CEB9211005CCF5A /* Apple Sound SamplerUITests */ = {
			isa = PBXNativeTarget;
			buildConfigurationList = EF982BC22CEB9211005CCF5A /* Build configuration list for PBXNativeTarget "Apple Sound SamplerUITests" */;
			buildPhases = (
				EF982BAE2CEB9211005CCF5A /* Sources */,
				EF982BAF2CEB9211005CCF5A /* Frameworks */,
				EF982BB02CEB9211005CCF5A /* Resources */,
			);
			buildRules = (
			);
			dependencies = (
				EF982BB42CEB9211005CCF5A /* PBXTargetDependency */,
			);
			fileSystemSynchronizedGroups = (
				EF982BB52CEB9211005CCF5A /* Apple Sound SamplerUITests */,
			);
			name = "Apple Sound SamplerUITests";
			packageProductDependencies = (
			);
			productName = "Apple Sound SamplerUITests";
			productReference = EF982BB22CEB9211005CCF5A /* Apple Sound SamplerUITests.xctest */;
			productType = "com.apple.product-type.bundle.ui-testing";
		};
/* End PBXNativeTarget section */

/* Begin PBXProject section */
		EF982B902CEB920F005CCF5A /* Project object */ = {
			isa = PBXProject;
			attributes = {
				BuildIndependentTargetsInParallel = 1;
				LastSwiftUpdateCheck = 1610;
				LastUpgradeCheck = 1610;
				TargetAttributes = {
					EF982B972CEB920F005CCF5A = {
						CreatedOnToolsVersion = 16.1;
					};
					EF982BA72CEB9211005CCF5A = {
						CreatedOnToolsVersion = 16.1;
						TestTargetID = EF982B972CEB920F005CCF5A;
					};
					EF982BB12CEB9211005CCF5A = {
						CreatedOnToolsVersion = 16.1;
						TestTargetID = EF982B972CEB920F005CCF5A;
					};
				};
			};
			buildConfigurationList = EF982B932CEB920F005CCF5A /* Build configuration list for PBXProject "Apple Sound Sampler" */;
			developmentRegion = en;
			hasScannedForEncodings = 0;
			knownRegions = (
				en,
				Base,
			);
			mainGroup = EF982B8F2CEB920F005CCF5A;
			minimizedProjectReferenceProxies = 1;
			preferredProjectObjectVersion = 77;
			productRefGroup = EF982B992CEB920F005CCF5A /* Products */;
			projectDirPath = "";
			projectRoot = "";
			targets = (
				EF982B972CEB920F005CCF5A /* Apple Sound Sampler */,
				EF982BA72CEB9211005CCF5A /* Apple Sound SamplerTests */,
				EF982BB12CEB9211005CCF5A /* Apple Sound SamplerUITests */,
			);
		};
/* End PBXProject section */

/* Begin PBXResourcesBuildPhase section */
		EF982B962CEB920F005CCF5A /* Resources */ = {
			isa = PBXResourcesBuildPhase;
			buildActionMask = 2147483647;
			files = (
				EF982BCB2CEB93CD005CCF5A /* Storyboard.storyboard in Resources */,
			);
			runOnlyForDeploymentPostprocessing = 0;
		};
		EF982BA62CEB9211005CCF5A /* Resources */ = {
			isa = PBXResourcesBuildPhase;
			buildActionMask = 2147483647;
			files = (
			);
			runOnlyForDeploymentPostprocessing = 0;
		};
		EF982BB02CEB9211005CCF5A /* Resources */ = {
			isa = PBXResourcesBuildPhase;
			buildActionMask = 2147483647;
			files = (
			);
			runOnlyForDeploymentPostprocessing = 0;
		};
/* End PBXResourcesBuildPhase section */

/* Begin PBXSourcesBuildPhase section */
		EF982B942CEB920F005CCF5A /* Sources */ = {
			isa = PBXSourcesBuildPhase;
			buildActionMask = 2147483647;
			files = (
			);
			runOnlyForDeploymentPostprocessing = 0;
		};
		EF982BA42CEB9211005CCF5A /* Sources */ = {
			isa = PBXSourcesBuildPhase;
			buildActionMask = 2147483647;
			files = (
			);
			runOnlyForDeploymentPostprocessing = 0;
		};
		EF982BAE2CEB9211005CCF5A /* Sources */ = {
			isa = PBXSourcesBuildPhase;
			buildActionMask = 2147483647;
			files = (
			);
			runOnlyForDeploymentPostprocessing = 0;
		};
/* End PBXSourcesBuildPhase section */

/* Begin PBXTargetDependency section */
		EF982BAA2CEB9211005CCF5A /* PBXTargetDependency */ = {
			isa = PBXTargetDependency;
			target = EF982B972CEB920F005CCF5A /* Apple Sound Sampler */;
			targetProxy = EF982BA92CEB9211005CCF5A /* PBXContainerItemProxy */;
		};
		EF982BB42CEB9211005CCF5A /* PBXTargetDependency */ = {
			isa = PBXTargetDependency;
			target = EF982B972CEB920F005CCF5A /* Apple Sound Sampler */;
			targetProxy = EF982BB32CEB9211005CCF5A /* PBXContainerItemProxy */;
		};
/* End PBXTargetDependency section */

/* Begin XCBuildConfiguration section */
		EF982BBA2CEB9211005CCF5A /* Debug */ = {
			isa = XCBuildConfiguration;
			buildSettings = {
				ALWAYS_SEARCH_USER_PATHS = NO;
				ASSETCATALOG_COMPILER_GENERATE_SWIFT_ASSET_SYMBOL_EXTENSIONS = YES;
				CLANG_ANALYZER_NONNULL = YES;
				CLANG_ANALYZER_NUMBER_OBJECT_CONVERSION = YES_AGGRESSIVE;
				CLANG_CXX_LANGUAGE_STANDARD = "gnu++20";
				CLANG_ENABLE_MODULES = YES;
				CLANG_ENABLE_OBJC_ARC = YES;
				CLANG_ENABLE_OBJC_WEAK = YES;
				CLANG_WARN_BLOCK_CAPTURE_AUTORELEASING = YES;
				CLANG_WARN_BOOL_CONVERSION = YES;
				CLANG_WARN_COMMA = YES;
				CLANG_WARN_CONSTANT_CONVERSION = YES;
				CLANG_WARN_DEPRECATED_OBJC_IMPLEMENTATIONS = YES;
				CLANG_WARN_DIRECT_OBJC_ISA_USAGE = YES_ERROR;
				CLANG_WARN_DOCUMENTATION_COMMENTS = YES;
				CLANG_WARN_EMPTY_BODY = YES;
				CLANG_WARN_ENUM_CONVERSION = YES;
				CLANG_WARN_INFINITE_RECURSION = YES;
				CLANG_WARN_INT_CONVERSION = YES;
				CLANG_WARN_NON_LITERAL_NULL_CONVERSION = YES;
				CLANG_WARN_OBJC_IMPLICIT_RETAIN_SELF = YES;
				CLANG_WARN_OBJC_LITERAL_CONVERSION = YES;
				CLANG_WARN_OBJC_ROOT_CLASS = YES_ERROR;
				CLANG_WARN_QUOTED_INCLUDE_IN_FRAMEWORK_HEADER = YES;
				CLANG_WARN_RANGE_LOOP_ANALYSIS = YES;
				CLANG_WARN_STRICT_PROTOTYPES = YES;
				CLANG_WARN_SUSPICIOUS_MOVE = YES;
				CLANG_WARN_UNGUARDED_AVAILABILITY = YES_AGGRESSIVE;
				CLANG_WARN_UNREACHABLE_CODE = YES;
				CLANG_WARN__DUPLICATE_METHOD_MATCH = YES;
				COPY_PHASE_STRIP = NO;
				DEBUG_INFORMATION_FORMAT = dwarf;
				ENABLE_STRICT_OBJC_MSGSEND = YES;
				ENABLE_TESTABILITY = YES;
				ENABLE_USER_SCRIPT_SANDBOXING = YES;
				GCC_C_LANGUAGE_STANDARD = gnu17;
				GCC_DYNAMIC_NO_PIC = NO;
				GCC_NO_COMMON_BLOCKS = YES;
				GCC_OPTIMIZATION_LEVEL = 0;
				GCC_PREPROCESSOR_DEFINITIONS = (
					"DEBUG=1",
					"$(inherited)",
				);
				GCC_WARN_64_TO_32_BIT_CONVERSION = YES;
				GCC_WARN_ABOUT_RETURN_TYPE = YES_ERROR;
				GCC_WARN_UNDECLARED_SELECTOR = YES;
				GCC_WARN_UNINITIALIZED_AUTOS = YES_AGGRESSIVE;
				GCC_WARN_UNUSED_FUNCTION = YES;
				GCC_WARN_UNUSED_VARIABLE = YES;
				IPHONEOS_DEPLOYMENT_TARGET = 18.1;
				LOCALIZATION_PREFERS_STRING_CATALOGS = YES;
				MTL_ENABLE_DEBUG_INFO = INCLUDE_SOURCE;
				MTL_FAST_MATH = YES;
				ONLY_ACTIVE_ARCH = YES;
				SDKROOT = iphoneos;
				SWIFT_ACTIVE_COMPILATION_CONDITIONS = "DEBUG $(inherited)";
				SWIFT_OPTIMIZATION_LEVEL = "-Onone";
			};
			name = Debug;
		};
		EF982BBB2CEB9211005CCF5A /* Release */ = {
			isa = XCBuildConfiguration;
			buildSettings = {
				ALWAYS_SEARCH_USER_PATHS = NO;
				ASSETCATALOG_COMPILER_GENERATE_SWIFT_ASSET_SYMBOL_EXTENSIONS = YES;
				CLANG_ANALYZER_NONNULL = YES;
				CLANG_ANALYZER_NUMBER_OBJECT_CONVERSION = YES_AGGRESSIVE;
				CLANG_CXX_LANGUAGE_STANDARD = "gnu++20";
				CLANG_ENABLE_MODULES = YES;
				CLANG_ENABLE_OBJC_ARC = YES;
				CLANG_ENABLE_OBJC_WEAK = YES;
				CLANG_WARN_BLOCK_CAPTURE_AUTORELEASING = YES;
				CLANG_WARN_BOOL_CONVERSION = YES;
				CLANG_WARN_COMMA = YES;
				CLANG_WARN_CONSTANT_CONVERSION = YES;
				CLANG_WARN_DEPRECATED_OBJC_IMPLEMENTATIONS = YES;
				CLANG_WARN_DIRECT_OBJC_ISA_USAGE = YES_ERROR;
				CLANG_WARN_DOCUMENTATION_COMMENTS = YES;
				CLANG_WARN_EMPTY_BODY = YES;
				CLANG_WARN_ENUM_CONVERSION = YES;
				CLANG_WARN_INFINITE_RECURSION = YES;
				CLANG_WARN_INT_CONVERSION = YES;
				CLANG_WARN_NON_LITERAL_NULL_CONVERSION = YES;
				CLANG_WARN_OBJC_IMPLICIT_RETAIN_SELF = YES;
				CLANG_WARN_OBJC_LITERAL_CONVERSION = YES;
				CLANG_WARN_OBJC_ROOT_CLASS = YES_ERROR;
				CLANG_WARN_QUOTED_INCLUDE_IN_FRAMEWORK_HEADER = YES;
				CLANG_WARN_RANGE_LOOP_ANALYSIS = YES;
				CLANG_WARN_STRICT_PROTOTYPES = YES;
				CLANG_WARN_SUSPICIOUS_MOVE = YES;
				CLANG_WARN_UNGUARDED_AVAILABILITY = YES_AGGRESSIVE;
				CLANG_WARN_UNREACHABLE_CODE = YES;
				CLANG_WARN__DUPLICATE_METHOD_MATCH = YES;
				COPY_PHASE_STRIP = NO;
				DEBUG_INFORMATION_FORMAT = "dwarf-with-dsym";
				ENABLE_NS_ASSERTIONS = NO;
				ENABLE_STRICT_OBJC_MSGSEND = YES;
				ENABLE_USER_SCRIPT_SANDBOXING = YES;
				GCC_C_LANGUAGE_STANDARD = gnu17;
				GCC_NO_COMMON_BLOCKS = YES;
				GCC_WARN_64_TO_32_BIT_CONVERSION = YES;
				GCC_WARN_ABOUT_RETURN_TYPE = YES_ERROR;
				GCC_WARN_UNDECLARED_SELECTOR = YES;
				GCC_WARN_UNINITIALIZED_AUTOS = YES_AGGRESSIVE;
				GCC_WARN_UNUSED_FUNCTION = YES;
				GCC_WARN_UNUSED_VARIABLE = YES;
				IPHONEOS_DEPLOYMENT_TARGET = 18.1;
				LOCALIZATION_PREFERS_STRING_CATALOGS = YES;
				MTL_ENABLE_DEBUG_INFO = NO;
				MTL_FAST_MATH = YES;
				SDKROOT = iphoneos;
				SWIFT_COMPILATION_MODE = wholemodule;
				VALIDATE_PRODUCT = YES;
			};
			name = Release;
		};
		EF982BBD2CEB9211005CCF5A /* Debug */ = {
			isa = XCBuildConfiguration;
			buildSettings = {
				ASSETCATALOG_COMPILER_APPICON_NAME = AppIcon;
				ASSETCATALOG_COMPILER_GLOBAL_ACCENT_COLOR_NAME = AccentColor;
				CODE_SIGN_STYLE = Automatic;
				CURRENT_PROJECT_VERSION = 1;
				DEVELOPMENT_ASSET_PATHS = "\"Apple Sound Sampler/Preview Content\"";
				DEVELOPMENT_TEAM = 347834QV62;
				ENABLE_PREVIEWS = YES;
				GENERATE_INFOPLIST_FILE = YES;
				INFOPLIST_FILE = "Apple-Sound-Sampler-Info.plist";
				INFOPLIST_KEY_LSApplicationCategoryType = "";
				INFOPLIST_KEY_LSSupportsOpeningDocumentsInPlace = YES;
				INFOPLIST_KEY_NSMicrophoneUsageDescription = "This app requires microphone access to record audio.";
				INFOPLIST_KEY_UIApplicationSceneManifest_Generation = YES;
				INFOPLIST_KEY_UIApplicationSupportsIndirectInputEvents = YES;
				INFOPLIST_KEY_UILaunchScreen_Generation = YES;
				INFOPLIST_KEY_UISupportedInterfaceOrientations_iPad = "UIInterfaceOrientationPortrait UIInterfaceOrientationPortraitUpsideDown UIInterfaceOrientationLandscapeLeft UIInterfaceOrientationLandscapeRight";
				INFOPLIST_KEY_UISupportedInterfaceOrientations_iPhone = "UIInterfaceOrientationPortrait UIInterfaceOrientationLandscapeLeft UIInterfaceOrientationLandscapeRight";
				LD_RUNPATH_SEARCH_PATHS = (
					"$(inherited)",
					"@executable_path/Frameworks",
				);
				MARKETING_VERSION = 1.0;
				PRODUCT_BUNDLE_IDENTIFIER = "CMU.Apple-Sound-Sampler";
				PRODUCT_NAME = "$(TARGET_NAME)";
				SWIFT_EMIT_LOC_STRINGS = YES;
				SWIFT_VERSION = 5.0;
				TARGETED_DEVICE_FAMILY = "1,2";
			};
			name = Debug;
		};
		EF982BBE2CEB9211005CCF5A /* Release */ = {
			isa = XCBuildConfiguration;
			buildSettings = {
				ASSETCATALOG_COMPILER_APPICON_NAME = AppIcon;
				ASSETCATALOG_COMPILER_GLOBAL_ACCENT_COLOR_NAME = AccentColor;
				CODE_SIGN_STYLE = Automatic;
				CURRENT_PROJECT_VERSION = 1;
				DEVELOPMENT_ASSET_PATHS = "\"Apple Sound Sampler/Preview Content\"";
				DEVELOPMENT_TEAM = 347834QV62;
				ENABLE_PREVIEWS = YES;
				GENERATE_INFOPLIST_FILE = YES;
				INFOPLIST_FILE = "Apple-Sound-Sampler-Info.plist";
				INFOPLIST_KEY_LSApplicationCategoryType = "";
				INFOPLIST_KEY_LSSupportsOpeningDocumentsInPlace = YES;
				INFOPLIST_KEY_NSMicrophoneUsageDescription = "This app requires microphone access to record audio.";
				INFOPLIST_KEY_UIApplicationSceneManifest_Generation = YES;
				INFOPLIST_KEY_UIApplicationSupportsIndirectInputEvents = YES;
				INFOPLIST_KEY_UILaunchScreen_Generation = YES;
				INFOPLIST_KEY_UISupportedInterfaceOrientations_iPad = "UIInterfaceOrientationPortrait UIInterfaceOrientationPortraitUpsideDown UIInterfaceOrientationLandscapeLeft UIInterfaceOrientationLandscapeRight";
				INFOPLIST_KEY_UISupportedInterfaceOrientations_iPhone = "UIInterfaceOrientationPortrait UIInterfaceOrientationLandscapeLeft UIInterfaceOrientationLandscapeRight";
				LD_RUNPATH_SEARCH_PATHS = (
					"$(inherited)",
					"@executable_path/Frameworks",
				);
				MARKETING_VERSION = 1.0;
				PRODUCT_BUNDLE_IDENTIFIER = "CMU.Apple-Sound-Sampler";
				PRODUCT_NAME = "$(TARGET_NAME)";
				SWIFT_EMIT_LOC_STRINGS = YES;
				SWIFT_VERSION = 5.0;
				TARGETED_DEVICE_FAMILY = "1,2";
			};
			name = Release;
		};
		EF982BC02CEB9211005CCF5A /* Debug */ = {
			isa = XCBuildConfiguration;
			buildSettings = {
				BUNDLE_LOADER = "$(TEST_HOST)";
				CODE_SIGN_STYLE = Automatic;
				CURRENT_PROJECT_VERSION = 1;
				DEVELOPMENT_TEAM = 347834QV62;
				GENERATE_INFOPLIST_FILE = YES;
				IPHONEOS_DEPLOYMENT_TARGET = 18.1;
				MARKETING_VERSION = 1.0;
				PRODUCT_BUNDLE_IDENTIFIER = "CMU.Apple-Sound-SamplerTests";
				PRODUCT_NAME = "$(TARGET_NAME)";
				SWIFT_EMIT_LOC_STRINGS = NO;
				SWIFT_VERSION = 5.0;
				TARGETED_DEVICE_FAMILY = "1,2";
				TEST_HOST = "$(BUILT_PRODUCTS_DIR)/Apple Sound Sampler.app/$(BUNDLE_EXECUTABLE_FOLDER_PATH)/Apple Sound Sampler";
			};
			name = Debug;
		};
		EF982BC12CEB9211005CCF5A /* Release */ = {
			isa = XCBuildConfiguration;
			buildSettings = {
				BUNDLE_LOADER = "$(TEST_HOST)";
				CODE_SIGN_STYLE = Automatic;
				CURRENT_PROJECT_VERSION = 1;
				DEVELOPMENT_TEAM = 347834QV62;
				GENERATE_INFOPLIST_FILE = YES;
				IPHONEOS_DEPLOYMENT_TARGET = 18.1;
				MARKETING_VERSION = 1.0;
				PRODUCT_BUNDLE_IDENTIFIER = "CMU.Apple-Sound-SamplerTests";
				PRODUCT_NAME = "$(TARGET_NAME)";
				SWIFT_EMIT_LOC_STRINGS = NO;
				SWIFT_VERSION = 5.0;
				TARGETED_DEVICE_FAMILY = "1,2";
				TEST_HOST = "$(BUILT_PRODUCTS_DIR)/Apple Sound Sampler.app/$(BUNDLE_EXECUTABLE_FOLDER_PATH)/Apple Sound Sampler";
			};
			name = Release;
		};
		EF982BC32CEB9211005CCF5A /* Debug */ = {
			isa = XCBuildConfiguration;
			buildSettings = {
				CODE_SIGN_STYLE = Automatic;
				CURRENT_PROJECT_VERSION = 1;
				DEVELOPMENT_TEAM = 347834QV62;
				GENERATE_INFOPLIST_FILE = YES;
				MARKETING_VERSION = 1.0;
				PRODUCT_BUNDLE_IDENTIFIER = "CMU.Apple-Sound-SamplerUITests";
				PRODUCT_NAME = "$(TARGET_NAME)";
				SWIFT_EMIT_LOC_STRINGS = NO;
				SWIFT_VERSION = 5.0;
				TARGETED_DEVICE_FAMILY = "1,2";
				TEST_TARGET_NAME = "Apple Sound Sampler";
			};
			name = Debug;
		};
		EF982BC42CEB9211005CCF5A /* Release */ = {
			isa = XCBuildConfiguration;
			buildSettings = {
				CODE_SIGN_STYLE = Automatic;
				CURRENT_PROJECT_VERSION = 1;
				DEVELOPMENT_TEAM = 347834QV62;
				GENERATE_INFOPLIST_FILE = YES;
				MARKETING_VERSION = 1.0;
				PRODUCT_BUNDLE_IDENTIFIER = "CMU.Apple-Sound-SamplerUITests";
				PRODUCT_NAME = "$(TARGET_NAME)";
				SWIFT_EMIT_LOC_STRINGS = NO;
				SWIFT_VERSION = 5.0;
				TARGETED_DEVICE_FAMILY = "1,2";
				TEST_TARGET_NAME = "Apple Sound Sampler";
			};
			name = Release;
		};
/* End XCBuildConfiguration section */

/* Begin XCConfigurationList section */
		EF982B932CEB920F005CCF5A /* Build configuration list for PBXProject "Apple Sound Sampler" */ = {
			isa = XCConfigurationList;
			buildConfigurations = (
				EF982BBA2CEB9211005CCF5A /* Debug */,
				EF982BBB2CEB9211005CCF5A /* Release */,
			);
			defaultConfigurationIsVisible = 0;
			defaultConfigurationName = Release;
		};
		EF982BBC2CEB9211005CCF5A /* Build configuration list for PBXNativeTarget "Apple Sound Sampler" */ = {
			isa = XCConfigurationList;
			buildConfigurations = (
				EF982BBD2CEB9211005CCF5A /* Debug */,
				EF982BBE2CEB9211005CCF5A /* Release */,
			);
			defaultConfigurationIsVisible = 0;
			defaultConfigurationName = Release;
		};
		EF982BBF2CEB9211005CCF5A /* Build configuration list for PBXNativeTarget "Apple Sound SamplerTests" */ = {
			isa = XCConfigurationList;
			buildConfigurations = (
				EF982BC02CEB9211005CCF5A /* Debug */,
				EF982BC12CEB9211005CCF5A /* Release */,
			);
			defaultConfigurationIsVisible = 0;
			defaultConfigurationName = Release;
		};
		EF982BC22CEB9211005CCF5A /* Build configuration list for PBXNativeTarget "Apple Sound SamplerUITests" */ = {
			isa = XCConfigurationList;
			buildConfigurations = (
				EF982BC32CEB9211005CCF5A /* Debug */,
				EF982BC42CEB9211005CCF5A /* Release */,
			);
			defaultConfigurationIsVisible = 0;
			defaultConfigurationName = Release;
		};
/* End XCConfigurationList section */
	};
	rootObject = EF982B902CEB920F005CCF5A /* Project object */;
}
